
Microsoft Visual Studio Solution File, Format Version 12.00
# Visual Studio Version 16
VisualStudioVersion = 16.0.28803.352
MinimumVisualStudioVersion = 10.0.40219.1
Project("{FAE04EC0-301F-11D3-BF4B-00C04F79EFBC}") = "RceServer.Front", "RceServer.Front\RceServer.Front.csproj", "{895C3501-4825-4E03-9AF6-3A0C2E4CC65C}"
EndProject
Global
	GlobalSection(SolutionConfigurationPlatforms) = preSolution
		Debug|Any CPU = Debug|Any CPU
		Release|Any CPU = Release|Any CPU
	EndGlobalSection
	GlobalSection(ProjectConfigurationPlatforms) = postSolution
		{895C3501-4825-4E03-9AF6-3A0C2E4CC65C}.Debug|Any CPU.ActiveCfg = Debug|Any CPU
		{895C3501-4825-4E03-9AF6-3A0C2E4CC65C}.Debug|Any CPU.Build.0 = Debug|Any CPU
		{895C3501-4825-4E03-9AF6-3A0C2E4CC65C}.Release|Any CPU.ActiveCfg = Release|Any CPU
		{895C3501-4825-4E03-9AF6-3A0C2E4CC65C}.Release|Any CPU.Build.0 = Release|Any CPU
	EndGlobalSection
	GlobalSection(SolutionProperties) = preSolution
		HideSolutionNode = FALSE
	EndGlobalSection
	GlobalSection(ExtensibilityGlobals) = postSolution
		SolutionGuid = {8182B135-8D99-4FC2-BE1D-EA7C6938D946}
	EndGlobalSection
EndGlobal
