
Microsoft Visual Studio Solution File, Format Version 12.00
# Visual Studio Version 16
VisualStudioVersion = 16.0.28803.352
MinimumVisualStudioVersion = 10.0.40219.1
Project("{9A19103F-16F7-4668-BE54-9A1E7A4F7556}") = "RceServer.Front", "RceServer.Front\RceServer.Front.csproj", "{895C3501-4825-4E03-9AF6-3A0C2E4CC65C}"
EndProject
Project("{2150E333-8FDC-42A3-9474-1A3956D46DE8}") = "10 Presentation", "10 Presentation", "{E2C8577F-8CB0-4C51-BE0B-199CE3E2FF61}"
EndProject
Project("{2150E333-8FDC-42A3-9474-1A3956D46DE8}") = "20 Business", "20 Business", "{1A94E7C4-08B3-4A93-BCDE-E636B4F32A63}"
EndProject
Project("{2150E333-8FDC-42A3-9474-1A3956D46DE8}") = "30 Domain", "30 Domain", "{D556984F-B4F6-4C94-B0DB-A31ED934EB1F}"
EndProject
Project("{2150E333-8FDC-42A3-9474-1A3956D46DE8}") = "40 Data", "40 Data", "{B0AF878A-4D5E-4968-8A04-616FA4C11CE3}"
EndProject
Project("{9A19103F-16F7-4668-BE54-9A1E7A4F7556}") = "RceServer.Core", "RceServer.Core\RceServer.Core.csproj", "{2F114173-C6F2-42D8-96AD-053EEDC98C82}"
EndProject
Project("{9A19103F-16F7-4668-BE54-9A1E7A4F7556}") = "RceServer.Domain", "RceServer.Domain\RceServer.Domain.csproj", "{22B0E5B4-94BE-4FE4-8203-87E867BA6991}"
EndProject
Project("{9A19103F-16F7-4668-BE54-9A1E7A4F7556}") = "RceServer.Data.Identity", "RceServer.Data.Identity\RceServer.Data.Identity.csproj", "{00E98E43-5C82-4AE3-A215-7C155466BFEA}"
EndProject
Project("{9A19103F-16F7-4668-BE54-9A1E7A4F7556}") = "RceServer.Data.Migrations", "RceServer.Data.Migrations\RceServer.Data.Migrations.csproj", "{882E7855-1299-466D-857E-730C337CB22D}"
EndProject
Project("{9A19103F-16F7-4668-BE54-9A1E7A4F7556}") = "RceServer.Data", "RceServer.Data\RceServer.Data.csproj", "{CE977371-7FF1-4CC7-B7A7-465D72F1037E}"
EndProject
Project("{9A19103F-16F7-4668-BE54-9A1E7A4F7556}") = "RceServer.Tests", "RceServer.Tests\RceServer.Tests.csproj", "{C018A667-2FCA-408B-918B-4D613436317E}"
EndProject
Global
	GlobalSection(SolutionConfigurationPlatforms) = preSolution
		Debug|Any CPU = Debug|Any CPU
		Release|Any CPU = Release|Any CPU
	EndGlobalSection
	GlobalSection(ProjectConfigurationPlatforms) = postSolution
		{895C3501-4825-4E03-9AF6-3A0C2E4CC65C}.Debug|Any CPU.ActiveCfg = Debug|Any CPU
		{895C3501-4825-4E03-9AF6-3A0C2E4CC65C}.Debug|Any CPU.Build.0 = Debug|Any CPU
		{895C3501-4825-4E03-9AF6-3A0C2E4CC65C}.Release|Any CPU.ActiveCfg = Release|Any CPU
		{895C3501-4825-4E03-9AF6-3A0C2E4CC65C}.Release|Any CPU.Build.0 = Release|Any CPU
		{2F114173-C6F2-42D8-96AD-053EEDC98C82}.Debug|Any CPU.ActiveCfg = Debug|Any CPU
		{2F114173-C6F2-42D8-96AD-053EEDC98C82}.Debug|Any CPU.Build.0 = Debug|Any CPU
		{2F114173-C6F2-42D8-96AD-053EEDC98C82}.Release|Any CPU.ActiveCfg = Release|Any CPU
		{2F114173-C6F2-42D8-96AD-053EEDC98C82}.Release|Any CPU.Build.0 = Release|Any CPU
		{22B0E5B4-94BE-4FE4-8203-87E867BA6991}.Debug|Any CPU.ActiveCfg = Debug|Any CPU
		{22B0E5B4-94BE-4FE4-8203-87E867BA6991}.Debug|Any CPU.Build.0 = Debug|Any CPU
		{22B0E5B4-94BE-4FE4-8203-87E867BA6991}.Release|Any CPU.ActiveCfg = Release|Any CPU
		{22B0E5B4-94BE-4FE4-8203-87E867BA6991}.Release|Any CPU.Build.0 = Release|Any CPU
		{00E98E43-5C82-4AE3-A215-7C155466BFEA}.Debug|Any CPU.ActiveCfg = Debug|Any CPU
		{00E98E43-5C82-4AE3-A215-7C155466BFEA}.Debug|Any CPU.Build.0 = Debug|Any CPU
		{00E98E43-5C82-4AE3-A215-7C155466BFEA}.Release|Any CPU.ActiveCfg = Release|Any CPU
		{00E98E43-5C82-4AE3-A215-7C155466BFEA}.Release|Any CPU.Build.0 = Release|Any CPU
		{882E7855-1299-466D-857E-730C337CB22D}.Debug|Any CPU.ActiveCfg = Debug|Any CPU
		{882E7855-1299-466D-857E-730C337CB22D}.Debug|Any CPU.Build.0 = Debug|Any CPU
		{882E7855-1299-466D-857E-730C337CB22D}.Release|Any CPU.ActiveCfg = Release|Any CPU
		{882E7855-1299-466D-857E-730C337CB22D}.Release|Any CPU.Build.0 = Release|Any CPU
		{CE977371-7FF1-4CC7-B7A7-465D72F1037E}.Debug|Any CPU.ActiveCfg = Debug|Any CPU
		{CE977371-7FF1-4CC7-B7A7-465D72F1037E}.Debug|Any CPU.Build.0 = Debug|Any CPU
		{CE977371-7FF1-4CC7-B7A7-465D72F1037E}.Release|Any CPU.ActiveCfg = Release|Any CPU
		{CE977371-7FF1-4CC7-B7A7-465D72F1037E}.Release|Any CPU.Build.0 = Release|Any CPU
		{C018A667-2FCA-408B-918B-4D613436317E}.Debug|Any CPU.ActiveCfg = Debug|Any CPU
		{C018A667-2FCA-408B-918B-4D613436317E}.Debug|Any CPU.Build.0 = Debug|Any CPU
		{C018A667-2FCA-408B-918B-4D613436317E}.Release|Any CPU.ActiveCfg = Release|Any CPU
		{C018A667-2FCA-408B-918B-4D613436317E}.Release|Any CPU.Build.0 = Release|Any CPU
	EndGlobalSection
	GlobalSection(SolutionProperties) = preSolution
		HideSolutionNode = FALSE
	EndGlobalSection
	GlobalSection(NestedProjects) = preSolution
		{895C3501-4825-4E03-9AF6-3A0C2E4CC65C} = {E2C8577F-8CB0-4C51-BE0B-199CE3E2FF61}
		{2F114173-C6F2-42D8-96AD-053EEDC98C82} = {1A94E7C4-08B3-4A93-BCDE-E636B4F32A63}
		{22B0E5B4-94BE-4FE4-8203-87E867BA6991} = {D556984F-B4F6-4C94-B0DB-A31ED934EB1F}
		{00E98E43-5C82-4AE3-A215-7C155466BFEA} = {B0AF878A-4D5E-4968-8A04-616FA4C11CE3}
		{882E7855-1299-466D-857E-730C337CB22D} = {B0AF878A-4D5E-4968-8A04-616FA4C11CE3}
		{CE977371-7FF1-4CC7-B7A7-465D72F1037E} = {B0AF878A-4D5E-4968-8A04-616FA4C11CE3}
		{C018A667-2FCA-408B-918B-4D613436317E} = {1A94E7C4-08B3-4A93-BCDE-E636B4F32A63}
	EndGlobalSection
	GlobalSection(ExtensibilityGlobals) = postSolution
		SolutionGuid = {8182B135-8D99-4FC2-BE1D-EA7C6938D946}
	EndGlobalSection
EndGlobal
