
Microsoft Visual Studio Solution File, Format Version 12.00
# Visual Studio Version 17
VisualStudioVersion = 17.1.32407.343
MinimumVisualStudioVersion = 10.0.40219.1
Project("{FAE04EC0-301F-11D3-BF4B-00C04F79EFBC}") = "RpzwServo", "RpzwServo\RpzwServo.csproj", "{36953A59-03FA-45AE-BDFE-BEFE27474E1B}"
EndProject
Project("{9A19103F-16F7-4668-BE54-9A1E7A4F7556}") = "RceSharpLib", "..\RceSharpLib\RceSharpLib\RceSharpLib.csproj", "{64D8968A-D8DE-454D-B7B4-22F28591940E}"
EndProject
Global
	GlobalSection(SolutionConfigurationPlatforms) = preSolution
		Debug|Any CPU = Debug|Any CPU
		Release|Any CPU = Release|Any CPU
	EndGlobalSection
	GlobalSection(ProjectConfigurationPlatforms) = postSolution
		{36953A59-03FA-45AE-BDFE-BEFE27474E1B}.Debug|Any CPU.ActiveCfg = Debug|Any CPU
		{36953A59-03FA-45AE-BDFE-BEFE27474E1B}.Debug|Any CPU.Build.0 = Debug|Any CPU
		{36953A59-03FA-45AE-BDFE-BEFE27474E1B}.Release|Any CPU.ActiveCfg = Release|Any CPU
		{36953A59-03FA-45AE-BDFE-BEFE27474E1B}.Release|Any CPU.Build.0 = Release|Any CPU
		{64D8968A-D8DE-454D-B7B4-22F28591940E}.Debug|Any CPU.ActiveCfg = Debug|Any CPU
		{64D8968A-D8DE-454D-B7B4-22F28591940E}.Debug|Any CPU.Build.0 = Debug|Any CPU
		{64D8968A-D8DE-454D-B7B4-22F28591940E}.Release|Any CPU.ActiveCfg = Release|Any CPU
		{64D8968A-D8DE-454D-B7B4-22F28591940E}.Release|Any CPU.Build.0 = Release|Any CPU
	EndGlobalSection
	GlobalSection(SolutionProperties) = preSolution
		HideSolutionNode = FALSE
	EndGlobalSection
	GlobalSection(ExtensibilityGlobals) = postSolution
		SolutionGuid = {C6FEBE3A-548C-41CC-852B-B752B322F614}
	EndGlobalSection
EndGlobal
